// !$*UTF8*$!
{
	archiveVersion = 1;
	classes = {
	};
	objectVersion = 50;
	objects = {

/* Begin PBXBuildFile section */
		5A8425F026165AA700AEA4CB /* TutorialView.swift in Sources */ = {isa = PBXBuildFile; fileRef = 5A8425EF26165AA700AEA4CB /* TutorialView.swift */; };
		5A84264426290ECF00AEA4CB /* OverView.swift in Sources */ = {isa = PBXBuildFile; fileRef = 5A84264326290ECF00AEA4CB /* OverView.swift */; };
		6B381DE426052BE4001680B3 /* ButtonView.swift in Sources */ = {isa = PBXBuildFile; fileRef = 6B381DE326052BE4001680B3 /* ButtonView.swift */; };
		6B62EEE1263F2F7F00E8C1DA /* MainView.swift in Sources */ = {isa = PBXBuildFile; fileRef = 6B62EEE0263F2F7F00E8C1DA /* MainView.swift */; };
		6BE561032602E2340077892A /* ColorMixerModel.swift in Sources */ = {isa = PBXBuildFile; fileRef = 6BE561022602E2340077892A /* ColorMixerModel.swift */; };
		6BE561062602E3150077892A /* BoardView.swift in Sources */ = {isa = PBXBuildFile; fileRef = 6BE561052602E3150077892A /* BoardView.swift */; };
		6BF11E7125FEE99300773086 /* ColorMixerApp.swift in Sources */ = {isa = PBXBuildFile; fileRef = 6BF11E7025FEE99300773086 /* ColorMixerApp.swift */; };
		6BF11E7325FEE99300773086 /* ContentView.swift in Sources */ = {isa = PBXBuildFile; fileRef = 6BF11E7225FEE99300773086 /* ContentView.swift */; };
		6BF11E7525FEE99500773086 /* Assets.xcassets in Resources */ = {isa = PBXBuildFile; fileRef = 6BF11E7425FEE99500773086 /* Assets.xcassets */; };
		6BF11E7825FEE99500773086 /* Preview Assets.xcassets in Resources */ = {isa = PBXBuildFile; fileRef = 6BF11E7725FEE99500773086 /* Preview Assets.xcassets */; };
		6C8BB695263EEE2D00B1F434 /* HomeView.swift in Sources */ = {isa = PBXBuildFile; fileRef = 6C8BB694263EEE2D00B1F434 /* HomeView.swift */; };
		6CDBEA6A2616EE3800E16831 /* TitleView.swift in Sources */ = {isa = PBXBuildFile; fileRef = 6CDBEA692616EE3800E16831 /* TitleView.swift */; };
/* End PBXBuildFile section */

/* Begin PBXFileReference section */
		5A8425EF26165AA700AEA4CB /* TutorialView.swift */ = {isa = PBXFileReference; lastKnownFileType = sourcecode.swift; path = TutorialView.swift; sourceTree = "<group>"; };
		5A84264326290ECF00AEA4CB /* OverView.swift */ = {isa = PBXFileReference; lastKnownFileType = sourcecode.swift; path = OverView.swift; sourceTree = "<group>"; };
		6B381DE326052BE4001680B3 /* ButtonView.swift */ = {isa = PBXFileReference; lastKnownFileType = sourcecode.swift; path = ButtonView.swift; sourceTree = "<group>"; };
		6B62EEE0263F2F7F00E8C1DA /* MainView.swift */ = {isa = PBXFileReference; lastKnownFileType = sourcecode.swift; path = MainView.swift; sourceTree = "<group>"; };
		6BE561022602E2340077892A /* ColorMixerModel.swift */ = {isa = PBXFileReference; fileEncoding = 4; lastKnownFileType = sourcecode.swift; path = ColorMixerModel.swift; sourceTree = "<group>"; };
		6BE561052602E3150077892A /* BoardView.swift */ = {isa = PBXFileReference; lastKnownFileType = sourcecode.swift; path = BoardView.swift; sourceTree = "<group>"; };
		6BF11E6D25FEE99300773086 /* ColorMixer.app */ = {isa = PBXFileReference; explicitFileType = wrapper.application; includeInIndex = 0; path = ColorMixer.app; sourceTree = BUILT_PRODUCTS_DIR; };
		6BF11E7025FEE99300773086 /* ColorMixerApp.swift */ = {isa = PBXFileReference; lastKnownFileType = sourcecode.swift; path = ColorMixerApp.swift; sourceTree = "<group>"; };
		6BF11E7225FEE99300773086 /* ContentView.swift */ = {isa = PBXFileReference; lastKnownFileType = sourcecode.swift; path = ContentView.swift; sourceTree = "<group>"; };
		6BF11E7425FEE99500773086 /* Assets.xcassets */ = {isa = PBXFileReference; lastKnownFileType = folder.assetcatalog; path = Assets.xcassets; sourceTree = "<group>"; };
		6BF11E7725FEE99500773086 /* Preview Assets.xcassets */ = {isa = PBXFileReference; lastKnownFileType = folder.assetcatalog; path = "Preview Assets.xcassets"; sourceTree = "<group>"; };
		6BF11E7925FEE99500773086 /* Info.plist */ = {isa = PBXFileReference; lastKnownFileType = text.plist.xml; path = Info.plist; sourceTree = "<group>"; };
		6C8BB694263EEE2D00B1F434 /* HomeView.swift */ = {isa = PBXFileReference; lastKnownFileType = sourcecode.swift; path = HomeView.swift; sourceTree = "<group>"; };
		6CDBEA692616EE3800E16831 /* TitleView.swift */ = {isa = PBXFileReference; lastKnownFileType = sourcecode.swift; path = TitleView.swift; sourceTree = "<group>"; };
/* End PBXFileReference section */

/* Begin PBXFrameworksBuildPhase section */
		6BF11E6A25FEE99300773086 /* Frameworks */ = {
			isa = PBXFrameworksBuildPhase;
			buildActionMask = 2147483647;
			files = (
			);
			runOnlyForDeploymentPostprocessing = 0;
		};
/* End PBXFrameworksBuildPhase section */

/* Begin PBXGroup section */
		6BF11E6425FEE99300773086 = {
			isa = PBXGroup;
			children = (
				6BF11E6F25FEE99300773086 /* ColorMixer */,
				6BF11E6E25FEE99300773086 /* Products */,
			);
			sourceTree = "<group>";
		};
		6BF11E6E25FEE99300773086 /* Products */ = {
			isa = PBXGroup;
			children = (
				6BF11E6D25FEE99300773086 /* ColorMixer.app */,
			);
			name = Products;
			sourceTree = "<group>";
		};
		6BF11E6F25FEE99300773086 /* ColorMixer */ = {
			isa = PBXGroup;
			children = (
				5A84264326290ECF00AEA4CB /* OverView.swift */,
				6BE561022602E2340077892A /* ColorMixerModel.swift */,
				6BF11E7025FEE99300773086 /* ColorMixerApp.swift */,
				6BF11E7225FEE99300773086 /* ContentView.swift */,
				6BF11E7425FEE99500773086 /* Assets.xcassets */,
				6BF11E7925FEE99500773086 /* Info.plist */,
				6BF11E7625FEE99500773086 /* Preview Content */,
				6BE561052602E3150077892A /* BoardView.swift */,
				5A8425EF26165AA700AEA4CB /* TutorialView.swift */,
				6B381DE326052BE4001680B3 /* ButtonView.swift */,
				6CDBEA692616EE3800E16831 /* TitleView.swift */,
				6B62EEE0263F2F7F00E8C1DA /* MainView.swift */,
				6C8BB694263EEE2D00B1F434 /* HomeView.swift */,
			);
			path = ColorMixer;
			sourceTree = "<group>";
		};
		6BF11E7625FEE99500773086 /* Preview Content */ = {
			isa = PBXGroup;
			children = (
				6BF11E7725FEE99500773086 /* Preview Assets.xcassets */,
			);
			path = "Preview Content";
			sourceTree = "<group>";
		};
/* End PBXGroup section */

/* Begin PBXNativeTarget section */
		6BF11E6C25FEE99300773086 /* ColorMixer */ = {
			isa = PBXNativeTarget;
			buildConfigurationList = 6BF11E7C25FEE99500773086 /* Build configuration list for PBXNativeTarget "ColorMixer" */;
			buildPhases = (
				6BF11E6925FEE99300773086 /* Sources */,
				6BF11E6A25FEE99300773086 /* Frameworks */,
				6BF11E6B25FEE99300773086 /* Resources */,
			);
			buildRules = (
			);
			dependencies = (
			);
			name = ColorMixer;
			productName = ColorMixer;
			productReference = 6BF11E6D25FEE99300773086 /* ColorMixer.app */;
			productType = "com.apple.product-type.application";
		};
/* End PBXNativeTarget section */

/* Begin PBXProject section */
		6BF11E6525FEE99300773086 /* Project object */ = {
			isa = PBXProject;
			attributes = {
				LastSwiftUpdateCheck = 1240;
				LastUpgradeCheck = 1240;
				TargetAttributes = {
					6BF11E6C25FEE99300773086 = {
						CreatedOnToolsVersion = 12.4;
					};
				};
			};
			buildConfigurationList = 6BF11E6825FEE99300773086 /* Build configuration list for PBXProject "ColorMixer" */;
			compatibilityVersion = "Xcode 9.3";
			developmentRegion = en;
			hasScannedForEncodings = 0;
			knownRegions = (
				en,
				Base,
			);
			mainGroup = 6BF11E6425FEE99300773086;
			productRefGroup = 6BF11E6E25FEE99300773086 /* Products */;
			projectDirPath = "";
			projectRoot = "";
			targets = (
				6BF11E6C25FEE99300773086 /* ColorMixer */,
			);
		};
/* End PBXProject section */

/* Begin PBXResourcesBuildPhase section */
		6BF11E6B25FEE99300773086 /* Resources */ = {
			isa = PBXResourcesBuildPhase;
			buildActionMask = 2147483647;
			files = (
				6BF11E7825FEE99500773086 /* Preview Assets.xcassets in Resources */,
				6BF11E7525FEE99500773086 /* Assets.xcassets in Resources */,
			);
			runOnlyForDeploymentPostprocessing = 0;
		};
/* End PBXResourcesBuildPhase section */

/* Begin PBXSourcesBuildPhase section */
		6BF11E6925FEE99300773086 /* Sources */ = {
			isa = PBXSourcesBuildPhase;
			buildActionMask = 2147483647;
			files = (
				6C8BB695263EEE2D00B1F434 /* HomeView.swift in Sources */,
				5A8425F026165AA700AEA4CB /* TutorialView.swift in Sources */,
				6B62EEE1263F2F7F00E8C1DA /* MainView.swift in Sources */,
				5A84264426290ECF00AEA4CB /* OverView.swift in Sources */,
				6BF11E7325FEE99300773086 /* ContentView.swift in Sources */,
				6BE561062602E3150077892A /* BoardView.swift in Sources */,
				6CDBEA6A2616EE3800E16831 /* TitleView.swift in Sources */,
				6B381DE426052BE4001680B3 /* ButtonView.swift in Sources */,
				6BE561032602E2340077892A /* ColorMixerModel.swift in Sources */,
				6BF11E7125FEE99300773086 /* ColorMixerApp.swift in Sources */,
			);
			runOnlyForDeploymentPostprocessing = 0;
		};
/* End PBXSourcesBuildPhase section */

/* Begin XCBuildConfiguration section */
		6BF11E7A25FEE99500773086 /* Debug */ = {
			isa = XCBuildConfiguration;
			buildSettings = {
				ALWAYS_SEARCH_USER_PATHS = NO;
				CLANG_ANALYZER_NONNULL = YES;
				CLANG_ANALYZER_NUMBER_OBJECT_CONVERSION = YES_AGGRESSIVE;
				CLANG_CXX_LANGUAGE_STANDARD = "gnu++14";
				CLANG_CXX_LIBRARY = "libc++";
				CLANG_ENABLE_MODULES = YES;
				CLANG_ENABLE_OBJC_ARC = YES;
				CLANG_ENABLE_OBJC_WEAK = YES;
				CLANG_WARN_BLOCK_CAPTURE_AUTORELEASING = YES;
				CLANG_WARN_BOOL_CONVERSION = YES;
				CLANG_WARN_COMMA = YES;
				CLANG_WARN_CONSTANT_CONVERSION = YES;
				CLANG_WARN_DEPRECATED_OBJC_IMPLEMENTATIONS = YES;
				CLANG_WARN_DIRECT_OBJC_ISA_USAGE = YES_ERROR;
				CLANG_WARN_DOCUMENTATION_COMMENTS = YES;
				CLANG_WARN_EMPTY_BODY = YES;
				CLANG_WARN_ENUM_CONVERSION = YES;
				CLANG_WARN_INFINITE_RECURSION = YES;
				CLANG_WARN_INT_CONVERSION = YES;
				CLANG_WARN_NON_LITERAL_NULL_CONVERSION = YES;
				CLANG_WARN_OBJC_IMPLICIT_RETAIN_SELF = YES;
				CLANG_WARN_OBJC_LITERAL_CONVERSION = YES;
				CLANG_WARN_OBJC_ROOT_CLASS = YES_ERROR;
				CLANG_WARN_QUOTED_INCLUDE_IN_FRAMEWORK_HEADER = YES;
				CLANG_WARN_RANGE_LOOP_ANALYSIS = YES;
				CLANG_WARN_STRICT_PROTOTYPES = YES;
				CLANG_WARN_SUSPICIOUS_MOVE = YES;
				CLANG_WARN_UNGUARDED_AVAILABILITY = YES_AGGRESSIVE;
				CLANG_WARN_UNREACHABLE_CODE = YES;
				CLANG_WARN__DUPLICATE_METHOD_MATCH = YES;
				COPY_PHASE_STRIP = NO;
				DEBUG_INFORMATION_FORMAT = dwarf;
				ENABLE_STRICT_OBJC_MSGSEND = YES;
				ENABLE_TESTABILITY = YES;
				GCC_C_LANGUAGE_STANDARD = gnu11;
				GCC_DYNAMIC_NO_PIC = NO;
				GCC_NO_COMMON_BLOCKS = YES;
				GCC_OPTIMIZATION_LEVEL = 0;
				GCC_PREPROCESSOR_DEFINITIONS = (
					"DEBUG=1",
					"$(inherited)",
				);
				GCC_WARN_64_TO_32_BIT_CONVERSION = YES;
				GCC_WARN_ABOUT_RETURN_TYPE = YES_ERROR;
				GCC_WARN_UNDECLARED_SELECTOR = YES;
				GCC_WARN_UNINITIALIZED_AUTOS = YES_AGGRESSIVE;
				GCC_WARN_UNUSED_FUNCTION = YES;
				GCC_WARN_UNUSED_VARIABLE = YES;
				IPHONEOS_DEPLOYMENT_TARGET = 14.4;
				MTL_ENABLE_DEBUG_INFO = INCLUDE_SOURCE;
				MTL_FAST_MATH = YES;
				ONLY_ACTIVE_ARCH = YES;
				SDKROOT = iphoneos;
				SWIFT_ACTIVE_COMPILATION_CONDITIONS = DEBUG;
				SWIFT_OPTIMIZATION_LEVEL = "-Onone";
			};
			name = Debug;
		};
		6BF11E7B25FEE99500773086 /* Release */ = {
			isa = XCBuildConfiguration;
			buildSettings = {
				ALWAYS_SEARCH_USER_PATHS = NO;
				CLANG_ANALYZER_NONNULL = YES;
				CLANG_ANALYZER_NUMBER_OBJECT_CONVERSION = YES_AGGRESSIVE;
				CLANG_CXX_LANGUAGE_STANDARD = "gnu++14";
				CLANG_CXX_LIBRARY = "libc++";
				CLANG_ENABLE_MODULES = YES;
				CLANG_ENABLE_OBJC_ARC = YES;
				CLANG_ENABLE_OBJC_WEAK = YES;
				CLANG_WARN_BLOCK_CAPTURE_AUTORELEASING = YES;
				CLANG_WARN_BOOL_CONVERSION = YES;
				CLANG_WARN_COMMA = YES;
				CLANG_WARN_CONSTANT_CONVERSION = YES;
				CLANG_WARN_DEPRECATED_OBJC_IMPLEMENTATIONS = YES;
				CLANG_WARN_DIRECT_OBJC_ISA_USAGE = YES_ERROR;
				CLANG_WARN_DOCUMENTATION_COMMENTS = YES;
				CLANG_WARN_EMPTY_BODY = YES;
				CLANG_WARN_ENUM_CONVERSION = YES;
				CLANG_WARN_INFINITE_RECURSION = YES;
				CLANG_WARN_INT_CONVERSION = YES;
				CLANG_WARN_NON_LITERAL_NULL_CONVERSION = YES;
				CLANG_WARN_OBJC_IMPLICIT_RETAIN_SELF = YES;
				CLANG_WARN_OBJC_LITERAL_CONVERSION = YES;
				CLANG_WARN_OBJC_ROOT_CLASS = YES_ERROR;
				CLANG_WARN_QUOTED_INCLUDE_IN_FRAMEWORK_HEADER = YES;
				CLANG_WARN_RANGE_LOOP_ANALYSIS = YES;
				CLANG_WARN_STRICT_PROTOTYPES = YES;
				CLANG_WARN_SUSPICIOUS_MOVE = YES;
				CLANG_WARN_UNGUARDED_AVAILABILITY = YES_AGGRESSIVE;
				CLANG_WARN_UNREACHABLE_CODE = YES;
				CLANG_WARN__DUPLICATE_METHOD_MATCH = YES;
				COPY_PHASE_STRIP = NO;
				DEBUG_INFORMATION_FORMAT = "dwarf-with-dsym";
				ENABLE_NS_ASSERTIONS = NO;
				ENABLE_STRICT_OBJC_MSGSEND = YES;
				GCC_C_LANGUAGE_STANDARD = gnu11;
				GCC_NO_COMMON_BLOCKS = YES;
				GCC_WARN_64_TO_32_BIT_CONVERSION = YES;
				GCC_WARN_ABOUT_RETURN_TYPE = YES_ERROR;
				GCC_WARN_UNDECLARED_SELECTOR = YES;
				GCC_WARN_UNINITIALIZED_AUTOS = YES_AGGRESSIVE;
				GCC_WARN_UNUSED_FUNCTION = YES;
				GCC_WARN_UNUSED_VARIABLE = YES;
				IPHONEOS_DEPLOYMENT_TARGET = 14.4;
				MTL_ENABLE_DEBUG_INFO = NO;
				MTL_FAST_MATH = YES;
				SDKROOT = iphoneos;
				SWIFT_COMPILATION_MODE = wholemodule;
				SWIFT_OPTIMIZATION_LEVEL = "-O";
				VALIDATE_PRODUCT = YES;
			};
			name = Release;
		};
		6BF11E7D25FEE99500773086 /* Debug */ = {
			isa = XCBuildConfiguration;
			buildSettings = {
				ASSETCATALOG_COMPILER_APPICON_NAME = AppIcon;
				ASSETCATALOG_COMPILER_GLOBAL_ACCENT_COLOR_NAME = AccentColor;
				CODE_SIGN_STYLE = Automatic;
				DEVELOPMENT_ASSET_PATHS = "\"ColorMixer/Preview Content\"";
				DEVELOPMENT_TEAM = 45332UA935;
				ENABLE_PREVIEWS = YES;
				INFOPLIST_FILE = ColorMixer/Info.plist;
				IPHONEOS_DEPLOYMENT_TARGET = 14.0;
				LD_RUNPATH_SEARCH_PATHS = (
					"$(inherited)",
					"@executable_path/Frameworks",
				);
				PRODUCT_BUNDLE_IDENTIFIER = com.example.ColorMixer;
				PRODUCT_NAME = "$(TARGET_NAME)";
				SWIFT_VERSION = 5.0;
				TARGETED_DEVICE_FAMILY = "1,2";
			};
			name = Debug;
		};
		6BF11E7E25FEE99500773086 /* Release */ = {
			isa = XCBuildConfiguration;
			buildSettings = {
				ASSETCATALOG_COMPILER_APPICON_NAME = AppIcon;
				ASSETCATALOG_COMPILER_GLOBAL_ACCENT_COLOR_NAME = AccentColor;
				CODE_SIGN_STYLE = Automatic;
				DEVELOPMENT_ASSET_PATHS = "\"ColorMixer/Preview Content\"";
				DEVELOPMENT_TEAM = 45332UA935;
				ENABLE_PREVIEWS = YES;
				INFOPLIST_FILE = ColorMixer/Info.plist;
				IPHONEOS_DEPLOYMENT_TARGET = 14.0;
				LD_RUNPATH_SEARCH_PATHS = (
					"$(inherited)",
					"@executable_path/Frameworks",
				);
				PRODUCT_BUNDLE_IDENTIFIER = com.example.ColorMixer;
				PRODUCT_NAME = "$(TARGET_NAME)";
				SWIFT_VERSION = 5.0;
				TARGETED_DEVICE_FAMILY = "1,2";
			};
			name = Release;
		};
/* End XCBuildConfiguration section */

/* Begin XCConfigurationList section */
		6BF11E6825FEE99300773086 /* Build configuration list for PBXProject "ColorMixer" */ = {
			isa = XCConfigurationList;
			buildConfigurations = (
				6BF11E7A25FEE99500773086 /* Debug */,
				6BF11E7B25FEE99500773086 /* Release */,
			);
			defaultConfigurationIsVisible = 0;
			defaultConfigurationName = Release;
		};
		6BF11E7C25FEE99500773086 /* Build configuration list for PBXNativeTarget "ColorMixer" */ = {
			isa = XCConfigurationList;
			buildConfigurations = (
				6BF11E7D25FEE99500773086 /* Debug */,
				6BF11E7E25FEE99500773086 /* Release */,
			);
			defaultConfigurationIsVisible = 0;
			defaultConfigurationName = Release;
		};
/* End XCConfigurationList section */
	};
	rootObject = 6BF11E6525FEE99300773086 /* Project object */;
}
